
Microsoft Visual Studio Solution File, Format Version 12.00
# Visual Studio 15
VisualStudioVersion = 15.0.26124.0
MinimumVisualStudioVersion = 15.0.26124.0
Project("{2150E333-8FDC-42A3-9474-1A3956D46DE8}") = "src", "src", "{39B83CEB-0681-4FF5-A3B7-9E0634F2FF81}"
EndProject
Project("{FAE04EC0-301F-11D3-BF4B-00C04F79EFBC}") = "OracleEFCore.UI.Site", "src\OracleEFCore.UI.Site\OracleEFCore.UI.Site.csproj", "{BDBE5F27-BFBA-46AB-A91D-3A756EFA0266}"
EndProject
Global
	GlobalSection(SolutionConfigurationPlatforms) = preSolution
		Debug|Any CPU = Debug|Any CPU
		Release|Any CPU = Release|Any CPU
	EndGlobalSection
	GlobalSection(ProjectConfigurationPlatforms) = postSolution
		{BDBE5F27-BFBA-46AB-A91D-3A756EFA0266}.Debug|Any CPU.ActiveCfg = Debug|Any CPU
		{BDBE5F27-BFBA-46AB-A91D-3A756EFA0266}.Debug|Any CPU.Build.0 = Debug|Any CPU
		{BDBE5F27-BFBA-46AB-A91D-3A756EFA0266}.Release|Any CPU.ActiveCfg = Release|Any CPU
		{BDBE5F27-BFBA-46AB-A91D-3A756EFA0266}.Release|Any CPU.Build.0 = Release|Any CPU
	EndGlobalSection
	GlobalSection(SolutionProperties) = preSolution
		HideSolutionNode = FALSE
	EndGlobalSection
	GlobalSection(NestedProjects) = preSolution
		{BDBE5F27-BFBA-46AB-A91D-3A756EFA0266} = {39B83CEB-0681-4FF5-A3B7-9E0634F2FF81}
	EndGlobalSection
	GlobalSection(ExtensibilityGlobals) = postSolution
		SolutionGuid = {F757AEFF-5B3B-406E-9495-9320F5F64BF6}
	EndGlobalSection
EndGlobal
